# This file was autogenerated by Stack.
# You should not edit this file by hand.
# For more information, please see the documentation at:
#   https://docs.haskellstack.org/en/stable/lock_files

packages:
- completed:
    name: bindings-OpenCL
    version: 1.2.0.1
    git: https://github.com/emekoi/bindings-OpenCL
    pantry-tree:
      size: 721
      sha256: 30ecbb8a0239b3114d7dc0e05cebee0a81b17eb5120703a0f5982510c27dd775
    commit: 56aa637a5e0715b15318381e8a10c9ff830a14f5
  original:
    git: https://github.com/emekoi/bindings-OpenCL
    commit: 56aa637a5e0715b15318381e8a10c9ff830a14f5
snapshots:
- completed:
    size: 531707
    url: https://raw.githubusercontent.com/commercialhaskell/stackage-snapshots/master/lts/16/5.yaml
    sha256: 9751e25e0af5713a53ddcfcc79564b082c71b1b357fadef0d85672a5b5ba3703
  original: lts-16.5
